
Microsoft Visual Studio Solution File, Format Version 12.00
# Visual Studio Version 17
VisualStudioVersion = 17.9.34607.119
MinimumVisualStudioVersion = 10.0.40219.1
Project("{9A19103F-16F7-4668-BE54-9A1E7A4F7556}") = "LibraryWebApi", "LibraryWebApi.csproj", "{CFC6CE6A-2CAA-4CE5-A492-E460139938B7}"
EndProject
Project("{FAE04EC0-301F-11D3-BF4B-00C04F79EFBC}") = "AdminPanelLibraryWeb", "..\AdminPanelLibraryWeb\AdminPanelLibraryWeb.csproj", "{6E03CBB1-D6FA-4B87-94FE-9B5A4D1DF4EA}"
EndProject
Global
	GlobalSection(SolutionConfigurationPlatforms) = preSolution
		Debug|Any CPU = Debug|Any CPU
		Release|Any CPU = Release|Any CPU
	EndGlobalSection
	GlobalSection(ProjectConfigurationPlatforms) = postSolution
		{CFC6CE6A-2CAA-4CE5-A492-E460139938B7}.Debug|Any CPU.ActiveCfg = Debug|Any CPU
		{CFC6CE6A-2CAA-4CE5-A492-E460139938B7}.Debug|Any CPU.Build.0 = Debug|Any CPU
		{CFC6CE6A-2CAA-4CE5-A492-E460139938B7}.Release|Any CPU.ActiveCfg = Release|Any CPU
		{CFC6CE6A-2CAA-4CE5-A492-E460139938B7}.Release|Any CPU.Build.0 = Release|Any CPU
		{6E03CBB1-D6FA-4B87-94FE-9B5A4D1DF4EA}.Debug|Any CPU.ActiveCfg = Debug|Any CPU
		{6E03CBB1-D6FA-4B87-94FE-9B5A4D1DF4EA}.Debug|Any CPU.Build.0 = Debug|Any CPU
		{6E03CBB1-D6FA-4B87-94FE-9B5A4D1DF4EA}.Release|Any CPU.ActiveCfg = Release|Any CPU
		{6E03CBB1-D6FA-4B87-94FE-9B5A4D1DF4EA}.Release|Any CPU.Build.0 = Release|Any CPU
	EndGlobalSection
	GlobalSection(SolutionProperties) = preSolution
		HideSolutionNode = FALSE
	EndGlobalSection
	GlobalSection(ExtensibilityGlobals) = postSolution
		SolutionGuid = {81E50F28-AF06-42E9-B8B3-939661F4ECE1}
	EndGlobalSection
EndGlobal
